<?xml version="1.0" encoding="utf-8"?>
<Project ToolsVersion="4.0" xmlns="http://schemas.microsoft.com/developer/msbuild/2003">
  <ItemGroup>
    <Filter Include="Source Files">
      <UniqueIdentifier>{4FC737F1-C7A5-4376-A066-2A32D752A2FF}</UniqueIdentifier>
      <Extensions>cpp;c;cc;cxx;def;odl;idl;hpj;bat;asm;asmx</Extensions>
    </Filter>
    <Filter Include="Header Files">
      <UniqueIdentifier>{93995380-89BD-4b04-88EB-625FBE52EBFB}</UniqueIdentifier>
      <Extensions>h;hh;hpp;hxx;hm;inl;inc;xsd</Extensions>
    </Filter>
    <Filter Include="Resource Files">
      <UniqueIdentifier>{67DA6AB6-F800-4c08-8B7A-83BB121AAD01}</UniqueIdentifier>
      <Extensions>rc;ico;cur;bmp;dlg;rc2;rct;bin;rgs;gif;jpg;jpeg;jpe;resx;tiff;tif;png;wav;mfcribbon-ms</Extensions>
    </Filter>
    <Filter Include="Source Files\Math">
      <UniqueIdentifier>{9dd813f0-b1f6-4a94-b23e-c817ebe063d6}</UniqueIdentifier>
    </Filter>
    <Filter Include="Header Files\Math">
      <UniqueIdentifier>{fd181190-da4a-44cb-90c7-c435b94dd4a5}</UniqueIdentifier>
    </Filter>
    <Filter Include="Shaders">
      <UniqueIdentifier>{5320b0c9-cd07-4b74-bd58-31e232465bde}</UniqueIdentifier>
    </Filter>
    <Filter Include="Header Files\Managers">
      <UniqueIdentifier>{2fff9daf-0fae-4ef5-a2e9-1697023de67c}</UniqueIdentifier>
    </Filter>
    <Filter Include="Source Files\Graphics">
      <UniqueIdentifier>{4e60dcee-7615-4e17-bd66-991901032c45}</UniqueIdentifier>
    </Filter>
    <Filter Include="Header Files\Graphics">
      <UniqueIdentifier>{b14aea09-11ec-4bbe-b2f8-2a0edde83eff}</UniqueIdentifier>
    </Filter>
    <Filter Include="Header Files\Core">
      <UniqueIdentifier>{37f7c4f9-cf53-404f-8ea0-45306b39648c}</UniqueIdentifier>
    </Filter>
    <Filter Include="Header Files\Physics">
      <UniqueIdentifier>{b7f3763c-ca2d-4bd8-beef-f7d0771e3b10}</UniqueIdentifier>
    </Filter>
    <Filter Include="Header Files\Game">
      <UniqueIdentifier>{f22e5aab-d022-480a-ac04-c53abd75b065}</UniqueIdentifier>
    </Filter>
    <Filter Include="Header Files\Game\States">
      <UniqueIdentifier>{442849f9-2e89-4bf0-9dc7-da721135c53f}</UniqueIdentifier>
    </Filter>
    <Filter Include="Source Files\Game">
      <UniqueIdentifier>{b84ef07d-c7e6-426c-a389-cde37b929ae4}</UniqueIdentifier>
    </Filter>
    <Filter Include="Source Files\Core">
      <UniqueIdentifier>{63f2f1a9-c0c2-465f-9b24-f7caad41a128}</UniqueIdentifier>
    </Filter>
    <Filter Include="Source Files\Game\States">
      <UniqueIdentifier>{c54b3854-63ed-490d-bbcc-50928cef758e}</UniqueIdentifier>
    </Filter>
    <Filter Include="Source Files\Managers">
      <UniqueIdentifier>{065d0f97-2c1c-43e7-b7cf-7f36765d4846}</UniqueIdentifier>
    </Filter>
    <Filter Include="Source Files\Physics">
      <UniqueIdentifier>{fe565a5f-4f6a-473a-8094-49b3922a80ce}</UniqueIdentifier>
    </Filter>
    <Filter Include="Header Files\Game\Objects">
      <UniqueIdentifier>{2465dbe7-ddfe-47b2-8c11-2f8fa84dcc67}</UniqueIdentifier>
    </Filter>
    <Filter Include="Source Files\Game\Objects">
      <UniqueIdentifier>{2b01fdc0-6f10-47be-acf1-d14be6d00aee}</UniqueIdentifier>
    </Filter>
    <Filter Include="Source Files\Physics\Objects">
      <UniqueIdentifier>{ce8aaa4c-3695-4c28-acc0-d529421508d5}</UniqueIdentifier>
    </Filter>
    <Filter Include="Header Files\Physics\Objects">
      <UniqueIdentifier>{d9ba2560-be9e-4896-a4b5-a89a851eaf10}</UniqueIdentifier>
    </Filter>
    <Filter Include="Source Files\Game\Levels">
      <UniqueIdentifier>{7401f4ec-88e5-4a6e-bbff-d75e203d04fc}</UniqueIdentifier>
    </Filter>
    <Filter Include="Header Files\Game\Levels">
      <UniqueIdentifier>{cb255905-e6ec-4be7-b21f-4222368fea44}</UniqueIdentifier>
    </Filter>
  </ItemGroup>
  <ItemGroup>
    <ClCompile Include="Quaternion.cpp">
      <Filter>Source Files\Math</Filter>
    </ClCompile>
    <ClCompile Include="Matrix4.cpp">
      <Filter>Source Files\Math</Filter>
    </ClCompile>
    <ClCompile Include="Matrix3.cpp">
      <Filter>Source Files\Math</Filter>
    </ClCompile>
    <ClCompile Include="GameState.cpp">
      <Filter>Source Files\Game\States</Filter>
    </ClCompile>
    <ClCompile Include="IntroState.cpp">
      <Filter>Source Files\Game\States</Filter>
    </ClCompile>
    <ClCompile Include="MainMenuState.cpp">
      <Filter>Source Files\Game\States</Filter>
    </ClCompile>
    <ClCompile Include="SettingState.cpp">
      <Filter>Source Files\Game\States</Filter>
    </ClCompile>
    <ClCompile Include="ShaderManager.cpp">
      <Filter>Source Files\Managers</Filter>
    </ClCompile>
    <ClCompile Include="TextureManager.cpp">
      <Filter>Source Files\Managers</Filter>
    </ClCompile>
    <ClCompile Include="AudioManager.cpp">
      <Filter>Source Files\Managers</Filter>
    </ClCompile>
    <ClCompile Include="RenderObject.cpp">
      <Filter>Source Files\Graphics</Filter>
    </ClCompile>
    <ClCompile Include="SFMLRenderer.cpp">
      <Filter>Source Files\Graphics</Filter>
    </ClCompile>
    <ClCompile Include="Shader.cpp">
      <Filter>Source Files\Graphics</Filter>
    </ClCompile>
    <ClCompile Include="Mesh.cpp">
      <Filter>Source Files\Graphics</Filter>
    </ClCompile>
    <ClCompile Include="MeshManager.cpp">
      <Filter>Source Files\Managers</Filter>
    </ClCompile>
    <ClCompile Include="Camera.cpp">
      <Filter>Source Files\Graphics</Filter>
    </ClCompile>
    <ClCompile Include="GameTimer.cpp">
      <Filter>Source Files\Core</Filter>
    </ClCompile>
    <ClCompile Include="CoreEngine.cpp">
      <Filter>Source Files\Core</Filter>
    </ClCompile>
    <ClCompile Include="main.cpp">
      <Filter>Source Files</Filter>
    </ClCompile>
    <ClCompile Include="State.cpp">
      <Filter>Source Files\Core</Filter>
    </ClCompile>
    <ClCompile Include="World.cpp">
      <Filter>Source Files\Physics</Filter>
    </ClCompile>
    <ClCompile Include="CubeGameObject.cpp">
      <Filter>Source Files\Game\Objects</Filter>
    </ClCompile>
    <ClCompile Include="SphereGameObject.cpp">
      <Filter>Source Files\Game\Objects</Filter>
    </ClCompile>
    <ClCompile Include="CubePhysicsObject.cpp">
      <Filter>Source Files\Physics\Objects</Filter>
    </ClCompile>
    <ClCompile Include="SpherePhysicsObject.cpp">
      <Filter>Source Files\Physics\Objects</Filter>
    </ClCompile>
    <ClCompile Include="PlayerGameObject.cpp">
      <Filter>Source Files\Game\Objects</Filter>
    </ClCompile>
    <ClCompile Include="PlayerPhysicsObject.cpp">
      <Filter>Source Files\Physics\Objects</Filter>
    </ClCompile>
    <ClCompile Include="GameObject.cpp">
      <Filter>Source Files\Game\Objects</Filter>
    </ClCompile>
    <ClCompile Include="InputManager.cpp">
      <Filter>Source Files\Managers</Filter>
    </ClCompile>
    <ClCompile Include="CoinPhysicsObject.cpp">
      <Filter>Source Files\Physics\Objects</Filter>
    </ClCompile>
    <ClCompile Include="CoinGameObject.cpp">
      <Filter>Source Files\Game\Objects</Filter>
    </ClCompile>
    <ClCompile Include="CameraNew.cpp">
      <Filter>Source Files\Core</Filter>
    </ClCompile>
    <ClCompile Include="BulletDebugDraw.cpp">
      <Filter>Source Files\Core</Filter>
    </ClCompile>
    <ClCompile Include="PlanePhysicsObject.cpp">
      <Filter>Source Files\Physics\Objects</Filter>
    </ClCompile>
    <ClCompile Include="ThirdPersonCamera.cpp">
      <Filter>Source Files\Core</Filter>
    </ClCompile>
    <ClCompile Include="PlaneGameObject.cpp">
      <Filter>Source Files\Game\Objects</Filter>
    </ClCompile>
    <ClCompile Include="CollisionResponse.cpp">
      <Filter>Source Files\Physics</Filter>
    </ClCompile>
    <ClCompile Include="DebugHUD.cpp">
      <Filter>Source Files\Core</Filter>
    </ClCompile>
    <ClCompile Include="GameHUD.cpp">
      <Filter>Source Files\Game</Filter>
    </ClCompile>
    <ClCompile Include="LevelWonState.cpp">
      <Filter>Source Files\Game\States</Filter>
    </ClCompile>
    <ClCompile Include="LevelLostState.cpp">
      <Filter>Source Files\Game\States</Filter>
    </ClCompile>
    <ClCompile Include="PhysicsObject.cpp">
      <Filter>Source Files\Physics\Objects</Filter>
    </ClCompile>
    <ClCompile Include="PlatformPhysicsObject.cpp">
      <Filter>Source Files\Physics\Objects</Filter>
    </ClCompile>
    <ClCompile Include="Level.cpp">
      <Filter>Source Files\Game\Levels</Filter>
    </ClCompile>
    <ClCompile Include="PlatformGameObject.cpp">
      <Filter>Source Files\Game\Objects</Filter>
    </ClCompile>
  </ItemGroup>
  <ItemGroup>
    <None Include="cube.asciimesh" />
    <None Include="BasicVert.glsl">
      <Filter>Shaders</Filter>
    </None>
    <None Include="BasicFrag.glsl">
      <Filter>Shaders</Filter>
    </None>
  </ItemGroup>
  <ItemGroup>
    <ClInclude Include="Matrix3.h">
      <Filter>Header Files\Math</Filter>
    </ClInclude>
    <ClInclude Include="Matrix4.h">
      <Filter>Header Files\Math</Filter>
    </ClInclude>
    <ClInclude Include="Vector4.h">
      <Filter>Header Files\Math</Filter>
    </ClInclude>
    <ClInclude Include="Vector2.h">
      <Filter>Header Files\Math</Filter>
    </ClInclude>
    <ClInclude Include="Vector3.h">
      <Filter>Header Files\Math</Filter>
    </ClInclude>
    <ClInclude Include="Quaternion.h">
      <Filter>Header Files\Math</Filter>
    </ClInclude>
    <ClInclude Include="GameState.h">
      <Filter>Header Files\Game\States</Filter>
    </ClInclude>
    <ClInclude Include="IntroState.h">
      <Filter>Header Files\Game\States</Filter>
    </ClInclude>
    <ClInclude Include="SettingState.h">
      <Filter>Header Files\Game\States</Filter>
    </ClInclude>
    <ClInclude Include="MainMenuState.h">
      <Filter>Header Files\Game\States</Filter>
    </ClInclude>
    <ClInclude Include="TextureManager.h">
      <Filter>Header Files\Managers</Filter>
    </ClInclude>
    <ClInclude Include="ShaderManager.h">
      <Filter>Header Files\Managers</Filter>
    </ClInclude>
    <ClInclude Include="ResourceManager.h">
      <Filter>Header Files\Managers</Filter>
    </ClInclude>
    <ClInclude Include="AudioManager.h">
      <Filter>Header Files\Managers</Filter>
    </ClInclude>
    <ClInclude Include="Mesh.h">
      <Filter>Header Files\Graphics</Filter>
    </ClInclude>
    <ClInclude Include="RenderObject.h">
      <Filter>Header Files\Graphics</Filter>
    </ClInclude>
    <ClInclude Include="SFMLRenderer.h">
      <Filter>Header Files\Graphics</Filter>
    </ClInclude>
    <ClInclude Include="Shader.h">
      <Filter>Header Files\Graphics</Filter>
    </ClInclude>
    <ClInclude Include="MeshManager.h">
      <Filter>Header Files\Managers</Filter>
    </ClInclude>
    <ClInclude Include="Singleton.h">
      <Filter>Header Files\Core</Filter>
    </ClInclude>
    <ClInclude Include="common.h">
      <Filter>Header Files\Core</Filter>
    </ClInclude>
    <ClInclude Include="Camera.h">
      <Filter>Header Files\Graphics</Filter>
    </ClInclude>
    <ClInclude Include="GameTimer.h">
      <Filter>Header Files\Core</Filter>
    </ClInclude>
    <ClInclude Include="RenderUtils.h">
      <Filter>Header Files\Core</Filter>
    </ClInclude>
    <ClInclude Include="CoreEngine.h">
      <Filter>Header Files\Core</Filter>
    </ClInclude>
    <ClInclude Include="State.h">
      <Filter>Header Files\Core</Filter>
    </ClInclude>
    <ClInclude Include="World.h">
      <Filter>Header Files\Physics</Filter>
    </ClInclude>
    <ClInclude Include="CubeGameObject.h">
      <Filter>Header Files\Game\Objects</Filter>
    </ClInclude>
    <ClInclude Include="SphereGameObject.h">
      <Filter>Header Files\Game\Objects</Filter>
    </ClInclude>
    <ClInclude Include="CubePhysicsObject.h">
      <Filter>Header Files\Physics\Objects</Filter>
    </ClInclude>
    <ClInclude Include="SpherePhysicsObject.h">
      <Filter>Header Files\Physics\Objects</Filter>
    </ClInclude>
    <ClInclude Include="PlayerGameObject.h">
      <Filter>Header Files\Game\Objects</Filter>
    </ClInclude>
    <ClInclude Include="PlayerPhysicsObject.h">
      <Filter>Header Files\Physics\Objects</Filter>
    </ClInclude>
    <ClInclude Include="GameObject.h">
      <Filter>Header Files\Game\Objects</Filter>
    </ClInclude>
    <ClInclude Include="PhysicsObject.h">
      <Filter>Header Files\Physics\Objects</Filter>
    </ClInclude>
    <ClInclude Include="InputManager.h">
      <Filter>Header Files\Managers</Filter>
    </ClInclude>
    <ClInclude Include="CoinGameObject.h">
      <Filter>Header Files\Game\Objects</Filter>
    </ClInclude>
    <ClInclude Include="CoinPhysicsObject.h">
      <Filter>Header Files\Physics\Objects</Filter>
    </ClInclude>
    <ClInclude Include="CameraNew.h">
      <Filter>Header Files\Core</Filter>
    </ClInclude>
    <ClInclude Include="BulletDebugDraw.h">
      <Filter>Header Files\Core</Filter>
    </ClInclude>
    <ClInclude Include="PlanePhysicsObject.h">
      <Filter>Header Files\Physics\Objects</Filter>
    </ClInclude>
    <ClInclude Include="PlaneGameObject.h">
      <Filter>Header Files\Game\Objects</Filter>
    </ClInclude>
    <ClInclude Include="ThirdPersonCamera.h">
      <Filter>Header Files\Core</Filter>
    </ClInclude>
    <ClInclude Include="Scene.h">
      <Filter>Header Files\Game</Filter>
    </ClInclude>
    <ClInclude Include="CollisionResponse.h">
      <Filter>Header Files\Physics</Filter>
    </ClInclude>
    <ClInclude Include="DebugHUD.h">
      <Filter>Header Files\Core</Filter>
    </ClInclude>
    <ClInclude Include="GameHUD.h">
      <Filter>Header Files\Game</Filter>
    </ClInclude>
    <ClInclude Include="LevelWonState.h">
      <Filter>Header Files\Game\States</Filter>
    </ClInclude>
    <ClInclude Include="LevelLostState.h">
      <Filter>Header Files\Game\States</Filter>
    </ClInclude>
    <ClInclude Include="PlatformPhysicsObject.h">
      <Filter>Header Files\Physics\Objects</Filter>
    </ClInclude>
    <ClInclude Include="PlatformGameObject.h">
      <Filter>Header Files\Game\Objects</Filter>
    </ClInclude>
    <ClInclude Include="Level.h">
      <Filter>Header Files\Game\Levels</Filter>
    </ClInclude>
  </ItemGroup>
  <ItemGroup>
    <Image Include="noise.png">
      <Filter>Resource Files</Filter>
    </Image>
    <Image Include="perlin.png">
      <Filter>Resource Files</Filter>
    </Image>
    <Image Include="smiley.png">
      <Filter>Resource Files</Filter>
    </Image>
  </ItemGroup>
</Project>